// !$*UTF8*$!
{
	archiveVersion = 1;
	classes = {
	};
	objectVersion = 46;
	objects = {

/* Begin PBXBuildFile section */
		CC0318131FA711A4002AB87D /* AppDelegate.swift in Sources */ = {isa = PBXBuildFile; fileRef = CC0318121FA711A4002AB87D /* AppDelegate.swift */; };
		CC0318151FA711A4002AB87D /* ViewController.swift in Sources */ = {isa = PBXBuildFile; fileRef = CC0318141FA711A4002AB87D /* ViewController.swift */; };
		CC0318181FA711A4002AB87D /* Main.storyboard in Resources */ = {isa = PBXBuildFile; fileRef = CC0318161FA711A4002AB87D /* Main.storyboard */; };
		CC03181A1FA711A4002AB87D /* Assets.xcassets in Resources */ = {isa = PBXBuildFile; fileRef = CC0318191FA711A4002AB87D /* Assets.xcassets */; };
		CC03181D1FA711A4002AB87D /* LaunchScreen.storyboard in Resources */ = {isa = PBXBuildFile; fileRef = CC03181B1FA711A4002AB87D /* LaunchScreen.storyboard */; };
/* End PBXBuildFile section */

/* Begin PBXFileReference section */
		CC03180F1FA711A4002AB87D /* Grammar.app */ = {isa = PBXFileReference; explicitFileType = wrapper.application; includeInIndex = 0; path = Grammar.app; sourceTree = BUILT_PRODUCTS_DIR; };
		CC0318121FA711A4002AB87D /* AppDelegate.swift */ = {isa = PBXFileReference; lastKnownFileType = sourcecode.swift; path = AppDelegate.swift; sourceTree = "<group>"; };
		CC0318141FA711A4002AB87D /* ViewController.swift */ = {isa = PBXFileReference; lastKnownFileType = sourcecode.swift; path = ViewController.swift; sourceTree = "<group>"; };
		CC0318171FA711A4002AB87D /* Base */ = {isa = PBXFileReference; lastKnownFileType = file.storyboard; name = Base; path = Base.lproj/Main.storyboard; sourceTree = "<group>"; };
		CC0318191FA711A4002AB87D /* Assets.xcassets */ = {isa = PBXFileReference; lastKnownFileType = folder.assetcatalog; path = Assets.xcassets; sourceTree = "<group>"; };
		CC03181C1FA711A4002AB87D /* Base */ = {isa = PBXFileReference; lastKnownFileType = file.storyboard; name = Base; path = Base.lproj/LaunchScreen.storyboard; sourceTree = "<group>"; };
		CC03181E1FA711A4002AB87D /* Info.plist */ = {isa = PBXFileReference; lastKnownFileType = text.plist.xml; path = Info.plist; sourceTree = "<group>"; };
/* End PBXFileReference section */

/* Begin PBXFrameworksBuildPhase section */
		CC03180C1FA711A4002AB87D /* Frameworks */ = {
			isa = PBXFrameworksBuildPhase;
			buildActionMask = 2147483647;
			files = (
			);
			runOnlyForDeploymentPostprocessing = 0;
		};
/* End PBXFrameworksBuildPhase section */

/* Begin PBXGroup section */
		CC0318061FA711A4002AB87D = {
			isa = PBXGroup;
			children = (
				CC0318111FA711A4002AB87D /* Grammar */,
				CC0318101FA711A4002AB87D /* Products */,
			);
			sourceTree = "<group>";
		};
		CC0318101FA711A4002AB87D /* Products */ = {
			isa = PBXGroup;
			children = (
				CC03180F1FA711A4002AB87D /* Grammar.app */,
			);
			name = Products;
			sourceTree = "<group>";
		};
		CC0318111FA711A4002AB87D /* Grammar */ = {
			isa = PBXGroup;
			children = (
				CC0318121FA711A4002AB87D /* AppDelegate.swift */,
				CC0318141FA711A4002AB87D /* ViewController.swift */,
				CC0318161FA711A4002AB87D /* Main.storyboard */,
				CC0318191FA711A4002AB87D /* Assets.xcassets */,
				CC03181B1FA711A4002AB87D /* LaunchScreen.storyboard */,
				CC03181E1FA711A4002AB87D /* Info.plist */,
			);
			path = Grammar;
			sourceTree = "<group>";
		};
/* End PBXGroup section */

/* Begin PBXNativeTarget section */
		CC03180E1FA711A4002AB87D /* Grammar */ = {
			isa = PBXNativeTarget;
			buildConfigurationList = CC0318211FA711A4002AB87D /* Build configuration list for PBXNativeTarget "Grammar" */;
			buildPhases = (
				CC03180B1FA711A4002AB87D /* Sources */,
				CC03180C1FA711A4002AB87D /* Frameworks */,
				CC03180D1FA711A4002AB87D /* Resources */,
			);
			buildRules = (
			);
			dependencies = (
			);
			name = Grammar;
			productName = Grammar;
			productReference = CC03180F1FA711A4002AB87D /* Grammar.app */;
			productType = "com.apple.product-type.application";
		};
/* End PBXNativeTarget section */

/* Begin PBXProject section */
		CC0318071FA711A4002AB87D /* Project object */ = {
			isa = PBXProject;
			attributes = {
				LastSwiftUpdateCheck = 0830;
				LastUpgradeCheck = 0830;
				ORGANIZATIONNAME = tuananh;
				TargetAttributes = {
					CC03180E1FA711A4002AB87D = {
						CreatedOnToolsVersion = 8.3.3;
						DevelopmentTeam = XY29E79Z8X;
						ProvisioningStyle = Automatic;
					};
				};
			};
			buildConfigurationList = CC03180A1FA711A4002AB87D /* Build configuration list for PBXProject "Grammar" */;
			compatibilityVersion = "Xcode 3.2";
			developmentRegion = English;
			hasScannedForEncodings = 0;
			knownRegions = (
				en,
				Base,
			);
			mainGroup = CC0318061FA711A4002AB87D;
			productRefGroup = CC0318101FA711A4002AB87D /* Products */;
			projectDirPath = "";
			projectRoot = "";
			targets = (
				CC03180E1FA711A4002AB87D /* Grammar */,
			);
		};
/* End PBXProject section */

/* Begin PBXResourcesBuildPhase section */
		CC03180D1FA711A4002AB87D /* Resources */ = {
			isa = PBXResourcesBuildPhase;
			buildActionMask = 2147483647;
			files = (
				CC03181D1FA711A4002AB87D /* LaunchScreen.storyboard in Resources */,
				CC03181A1FA711A4002AB87D /* Assets.xcassets in Resources */,
				CC0318181FA711A4002AB87D /* Main.storyboard in Resources */,
			);
			runOnlyForDeploymentPostprocessing = 0;
		};
/* End PBXResourcesBuildPhase section */

/* Begin PBXSourcesBuildPhase section */
		CC03180B1FA711A4002AB87D /* Sources */ = {
			isa = PBXSourcesBuildPhase;
			buildActionMask = 2147483647;
			files = (
				CC0318151FA711A4002AB87D /* ViewController.swift in Sources */,
				CC0318131FA711A4002AB87D /* AppDelegate.swift in Sources */,
			);
			runOnlyForDeploymentPostprocessing = 0;
		};
/* End PBXSourcesBuildPhase section */

/* Begin PBXVariantGroup section */
		CC0318161FA711A4002AB87D /* Main.storyboard */ = {
			isa = PBXVariantGroup;
			children = (
				CC0318171FA711A4002AB87D /* Base */,
			);
			name = Main.storyboard;
			sourceTree = "<group>";
		};
		CC03181B1FA711A4002AB87D /* LaunchScreen.storyboard */ = {
			isa = PBXVariantGroup;
			children = (
				CC03181C1FA711A4002AB87D /* Base */,
			);
			name = LaunchScreen.storyboard;
			sourceTree = "<group>";
		};
/* End PBXVariantGroup section */

/* Begin XCBuildConfiguration section */
		CC03181F1FA711A4002AB87D /* Debug */ = {
			isa = XCBuildConfiguration;
			buildSettings = {
				ALWAYS_SEARCH_USER_PATHS = NO;
				CLANG_ANALYZER_NONNULL = YES;
				CLANG_ANALYZER_NUMBER_OBJECT_CONVERSION = YES_AGGRESSIVE;
				CLANG_CXX_LANGUAGE_STANDARD = "gnu++0x";
				CLANG_CXX_LIBRARY = "libc++";
				CLANG_ENABLE_MODULES = YES;
				CLANG_ENABLE_OBJC_ARC = YES;
				CLANG_WARN_BOOL_CONVERSION = YES;
				CLANG_WARN_CONSTANT_CONVERSION = YES;
				CLANG_WARN_DIRECT_OBJC_ISA_USAGE = YES_ERROR;
				CLANG_WARN_DOCUMENTATION_COMMENTS = YES;
				CLANG_WARN_EMPTY_BODY = YES;
				CLANG_WARN_ENUM_CONVERSION = YES;
				CLANG_WARN_INFINITE_RECURSION = YES;
				CLANG_WARN_INT_CONVERSION = YES;
				CLANG_WARN_OBJC_ROOT_CLASS = YES_ERROR;
				CLANG_WARN_SUSPICIOUS_MOVE = YES;
				CLANG_WARN_UNREACHABLE_CODE = YES;
				CLANG_WARN__DUPLICATE_METHOD_MATCH = YES;
				"CODE_SIGN_IDENTITY[sdk=iphoneos*]" = "iPhone Developer";
				COPY_PHASE_STRIP = NO;
				DEBUG_INFORMATION_FORMAT = dwarf;
				ENABLE_STRICT_OBJC_MSGSEND = YES;
				ENABLE_TESTABILITY = YES;
				GCC_C_LANGUAGE_STANDARD = gnu99;
				GCC_DYNAMIC_NO_PIC = NO;
				GCC_NO_COMMON_BLOCKS = YES;
				GCC_OPTIMIZATION_LEVEL = 0;
				GCC_PREPROCESSOR_DEFINITIONS = (
					"DEBUG=1",
					"$(inherited)",
				);
				GCC_WARN_64_TO_32_BIT_CONVERSION = YES;
				GCC_WARN_ABOUT_RETURN_TYPE = YES_ERROR;
				GCC_WARN_UNDECLARED_SELECTOR = YES;
				GCC_WARN_UNINITIALIZED_AUTOS = YES_AGGRESSIVE;
				GCC_WARN_UNUSED_FUNCTION = YES;
				GCC_WARN_UNUSED_VARIABLE = YES;
				IPHONEOS_DEPLOYMENT_TARGET = 10.3;
				MTL_ENABLE_DEBUG_INFO = YES;
				ONLY_ACTIVE_ARCH = YES;
				SDKROOT = iphoneos;
				SWIFT_ACTIVE_COMPILATION_CONDITIONS = DEBUG;
				SWIFT_OPTIMIZATION_LEVEL = "-Onone";
				TARGETED_DEVICE_FAMILY = "1,2";
			};
			name = Debug;
		};
		CC0318201FA711A4002AB87D /* Release */ = {
			isa = XCBuildConfiguration;
			buildSettings = {
				ALWAYS_SEARCH_USER_PATHS = NO;
				CLANG_ANALYZER_NONNULL = YES;
				CLANG_ANALYZER_NUMBER_OBJECT_CONVERSION = YES_AGGRESSIVE;
				CLANG_CXX_LANGUAGE_STANDARD = "gnu++0x";
				CLANG_CXX_LIBRARY = "libc++";
				CLANG_ENABLE_MODULES = YES;
				CLANG_ENABLE_OBJC_ARC = YES;
				CLANG_WARN_BOOL_CONVERSION = YES;
				CLANG_WARN_CONSTANT_CONVERSION = YES;
				CLANG_WARN_DIRECT_OBJC_ISA_USAGE = YES_ERROR;
				CLANG_WARN_DOCUMENTATION_COMMENTS = YES;
				CLANG_WARN_EMPTY_BODY = YES;
				CLANG_WARN_ENUM_CONVERSION = YES;
				CLANG_WARN_INFINITE_RECURSION = YES;
				CLANG_WARN_INT_CONVERSION = YES;
				CLANG_WARN_OBJC_ROOT_CLASS = YES_ERROR;
				CLANG_WARN_SUSPICIOUS_MOVE = YES;
				CLANG_WARN_UNREACHABLE_CODE = YES;
				CLANG_WARN__DUPLICATE_METHOD_MATCH = YES;
				"CODE_SIGN_IDENTITY[sdk=iphoneos*]" = "iPhone Developer";
				COPY_PHASE_STRIP = NO;
				DEBUG_INFORMATION_FORMAT = "dwarf-with-dsym";
				ENABLE_NS_ASSERTIONS = NO;
				ENABLE_STRICT_OBJC_MSGSEND = YES;
				GCC_C_LANGUAGE_STANDARD = gnu99;
				GCC_NO_COMMON_BLOCKS = YES;
				GCC_WARN_64_TO_32_BIT_CONVERSION = YES;
				GCC_WARN_ABOUT_RETURN_TYPE = YES_ERROR;
				GCC_WARN_UNDECLARED_SELECTOR = YES;
				GCC_WARN_UNINITIALIZED_AUTOS = YES_AGGRESSIVE;
				GCC_WARN_UNUSED_FUNCTION = YES;
				GCC_WARN_UNUSED_VARIABLE = YES;
				IPHONEOS_DEPLOYMENT_TARGET = 10.3;
				MTL_ENABLE_DEBUG_INFO = NO;
				SDKROOT = iphoneos;
				SWIFT_OPTIMIZATION_LEVEL = "-Owholemodule";
				TARGETED_DEVICE_FAMILY = "1,2";
				VALIDATE_PRODUCT = YES;
			};
			name = Release;
		};
		CC0318221FA711A4002AB87D /* Debug */ = {
			isa = XCBuildConfiguration;
			buildSettings = {
				ASSETCATALOG_COMPILER_APPICON_NAME = AppIcon;
				DEVELOPMENT_TEAM = XY29E79Z8X;
				INFOPLIST_FILE = Grammar/Info.plist;
				LD_RUNPATH_SEARCH_PATHS = "$(inherited) @executable_path/Frameworks";
				PRODUCT_BUNDLE_IDENTIFIER = club.iosdevelopers.Grammar;
				PRODUCT_NAME = "$(TARGET_NAME)";
				SWIFT_VERSION = 3.0;
			};
			name = Debug;
		};
		CC0318231FA711A4002AB87D /* Release */ = {
			isa = XCBuildConfiguration;
			buildSettings = {
				ASSETCATALOG_COMPILER_APPICON_NAME = AppIcon;
				DEVELOPMENT_TEAM = XY29E79Z8X;
				INFOPLIST_FILE = Grammar/Info.plist;
				LD_RUNPATH_SEARCH_PATHS = "$(inherited) @executable_path/Frameworks";
				PRODUCT_BUNDLE_IDENTIFIER = club.iosdevelopers.Grammar;
				PRODUCT_NAME = "$(TARGET_NAME)";
				SWIFT_VERSION = 3.0;
			};
			name = Release;
		};
/* End XCBuildConfiguration section */

/* Begin XCConfigurationList section */
		CC03180A1FA711A4002AB87D /* Build configuration list for PBXProject "Grammar" */ = {
			isa = XCConfigurationList;
			buildConfigurations = (
				CC03181F1FA711A4002AB87D /* Debug */,
				CC0318201FA711A4002AB87D /* Release */,
			);
			defaultConfigurationIsVisible = 0;
			defaultConfigurationName = Release;
		};
		CC0318211FA711A4002AB87D /* Build configuration list for PBXNativeTarget "Grammar" */ = {
			isa = XCConfigurationList;
			buildConfigurations = (
				CC0318221FA711A4002AB87D /* Debug */,
				CC0318231FA711A4002AB87D /* Release */,
			);
			defaultConfigurationIsVisible = 0;
		};
/* End XCConfigurationList section */
	};
	rootObject = CC0318071FA711A4002AB87D /* Project object */;
}
