// !$*UTF8*$!
{
	archiveVersion = 1;
	classes = {
	};
	objectVersion = 46;
	objects = {

/* Begin PBXBuildFile section */
		CC02412F1FB2ECCA0094FEFF /* HIRadioButton.swift in Sources */ = {isa = PBXBuildFile; fileRef = CC02412E1FB2ECCA0094FEFF /* HIRadioButton.swift */; };
		CC0241321FB2FCAB0094FEFF /* ResultController.swift in Sources */ = {isa = PBXBuildFile; fileRef = CC0241301FB2FCAB0094FEFF /* ResultController.swift */; };
		CC0241331FB2FCAB0094FEFF /* ResultController.xib in Resources */ = {isa = PBXBuildFile; fileRef = CC0241311FB2FCAB0094FEFF /* ResultController.xib */; };
		CC0318131FA711A4002AB87D /* AppDelegate.swift in Sources */ = {isa = PBXBuildFile; fileRef = CC0318121FA711A4002AB87D /* AppDelegate.swift */; };
		CC0318151FA711A4002AB87D /* ViewController.swift in Sources */ = {isa = PBXBuildFile; fileRef = CC0318141FA711A4002AB87D /* ViewController.swift */; };
		CC0318181FA711A4002AB87D /* Main.storyboard in Resources */ = {isa = PBXBuildFile; fileRef = CC0318161FA711A4002AB87D /* Main.storyboard */; };
		CC03181A1FA711A4002AB87D /* Assets.xcassets in Resources */ = {isa = PBXBuildFile; fileRef = CC0318191FA711A4002AB87D /* Assets.xcassets */; };
		CC03181D1FA711A4002AB87D /* LaunchScreen.storyboard in Resources */ = {isa = PBXBuildFile; fileRef = CC03181B1FA711A4002AB87D /* LaunchScreen.storyboard */; };
		CC0318261FA71221002AB87D /* TitleCell.swift in Sources */ = {isa = PBXBuildFile; fileRef = CC0318241FA71221002AB87D /* TitleCell.swift */; };
		CC0318271FA71221002AB87D /* TitleCell.xib in Resources */ = {isa = PBXBuildFile; fileRef = CC0318251FA71221002AB87D /* TitleCell.xib */; };
		CC17F7A11FB15DA9003A679D /* ContentCell.swift in Sources */ = {isa = PBXBuildFile; fileRef = CC17F79F1FB15DA9003A679D /* ContentCell.swift */; };
		CC17F7A21FB15DA9003A679D /* ContentCell.xib in Resources */ = {isa = PBXBuildFile; fileRef = CC17F7A01FB15DA9003A679D /* ContentCell.xib */; };
		CC17F7A91FB16372003A679D /* QuestionCell.swift in Sources */ = {isa = PBXBuildFile; fileRef = CC17F7A71FB16372003A679D /* QuestionCell.swift */; };
		CC17F7AA1FB16372003A679D /* QuestionCell.xib in Resources */ = {isa = PBXBuildFile; fileRef = CC17F7A81FB16372003A679D /* QuestionCell.xib */; };
		CC17F7AD1FB16CCF003A679D /* QuestionsController.swift in Sources */ = {isa = PBXBuildFile; fileRef = CC17F7AB1FB16CCF003A679D /* QuestionsController.swift */; };
		CC17F7AE1FB16CCF003A679D /* QuestionsController.xib in Resources */ = {isa = PBXBuildFile; fileRef = CC17F7AC1FB16CCF003A679D /* QuestionsController.xib */; };
		CC17F7B31FB17A97003A679D /* Grammar.swift in Sources */ = {isa = PBXBuildFile; fileRef = CC17F7B21FB17A97003A679D /* Grammar.swift */; };
		CC17F7B51FB17BE1003A679D /* Lesson.swift in Sources */ = {isa = PBXBuildFile; fileRef = CC17F7B41FB17BE1003A679D /* Lesson.swift */; };
		CC17F7B71FB17CAD003A679D /* Question.swift in Sources */ = {isa = PBXBuildFile; fileRef = CC17F7B61FB17CAD003A679D /* Question.swift */; };
		CC17F7B91FB17E69003A679D /* QuestionDAO.swift in Sources */ = {isa = PBXBuildFile; fileRef = CC17F7B81FB17E69003A679D /* QuestionDAO.swift */; };
		CC17F7BB1FB17FF6003A679D /* LessonDAO.swift in Sources */ = {isa = PBXBuildFile; fileRef = CC17F7BA1FB17FF6003A679D /* LessonDAO.swift */; };
		CC17F7BD1FB196BF003A679D /* DAOFactory.swift in Sources */ = {isa = PBXBuildFile; fileRef = CC17F7BC1FB196BF003A679D /* DAOFactory.swift */; };
		CC17F7BF1FB1978E003A679D /* AppModel.swift in Sources */ = {isa = PBXBuildFile; fileRef = CC17F7BE1FB1978E003A679D /* AppModel.swift */; };
		CC17F7C11FB19CCA003A679D /* libsqlite3.tbd in Frameworks */ = {isa = PBXBuildFile; fileRef = CC17F7C01FB19CCA003A679D /* libsqlite3.tbd */; };
		CC17F7C31FB1A189003A679D /* gm.sqlite in Resources */ = {isa = PBXBuildFile; fileRef = CC17F7C21FB1A189003A679D /* gm.sqlite */; };
		CC17F7C51FB1A5E7003A679D /* GrammarDAO.swift in Sources */ = {isa = PBXBuildFile; fileRef = CC17F7C41FB1A5E7003A679D /* GrammarDAO.swift */; };
		CC17F7C81FB1ADDA003A679D /* GrammarsController.swift in Sources */ = {isa = PBXBuildFile; fileRef = CC17F7C61FB1ADDA003A679D /* GrammarsController.swift */; };
		CC17F7C91FB1ADDA003A679D /* GrammarsController.xib in Resources */ = {isa = PBXBuildFile; fileRef = CC17F7C71FB1ADDA003A679D /* GrammarsController.xib */; };
		CCDFB4CE1FB069990031195C /* HomeController.swift in Sources */ = {isa = PBXBuildFile; fileRef = CCDFB4CC1FB069990031195C /* HomeController.swift */; };
		CCDFB4CF1FB069990031195C /* HomeController.xib in Resources */ = {isa = PBXBuildFile; fileRef = CCDFB4CD1FB069990031195C /* HomeController.xib */; };
		CCDFB4D31FB072170031195C /* BaseTableViewController.swift in Sources */ = {isa = PBXBuildFile; fileRef = CCDFB4D11FB072170031195C /* BaseTableViewController.swift */; };
		CCDFB4D41FB072170031195C /* BaseTableViewController.xib in Resources */ = {isa = PBXBuildFile; fileRef = CCDFB4D21FB072170031195C /* BaseTableViewController.xib */; };
		CCDFB4D71FB073120031195C /* ListLessonController.swift in Sources */ = {isa = PBXBuildFile; fileRef = CCDFB4D51FB073120031195C /* ListLessonController.swift */; };
		CCDFB4D81FB073120031195C /* ListLessonController.xib in Resources */ = {isa = PBXBuildFile; fileRef = CCDFB4D61FB073120031195C /* ListLessonController.xib */; };
		CCDFB4DD1FB14F9B0031195C /* CheckBoxCell.swift in Sources */ = {isa = PBXBuildFile; fileRef = CCDFB4DB1FB14F9B0031195C /* CheckBoxCell.swift */; };
		CCDFB4DE1FB14F9B0031195C /* CheckBoxCell.xib in Resources */ = {isa = PBXBuildFile; fileRef = CCDFB4DC1FB14F9B0031195C /* CheckBoxCell.xib */; };
		CCDFB4E31FB152850031195C /* LessonTestController.swift in Sources */ = {isa = PBXBuildFile; fileRef = CCDFB4E11FB152850031195C /* LessonTestController.swift */; };
		CCDFB4E41FB152850031195C /* LessonTestController.xib in Resources */ = {isa = PBXBuildFile; fileRef = CCDFB4E21FB152850031195C /* LessonTestController.xib */; };
		EA09E55974CFCB951FEABCC5 /* Pods_Grammar.framework in Frameworks */ = {isa = PBXBuildFile; fileRef = EB75BB4DB5B30805F18DBED6 /* Pods_Grammar.framework */; };
/* End PBXBuildFile section */

/* Begin PBXFileReference section */
		A4C868F8EDFA9A740CD8E67F /* Pods-Grammar.debug.xcconfig */ = {isa = PBXFileReference; includeInIndex = 1; lastKnownFileType = text.xcconfig; name = "Pods-Grammar.debug.xcconfig"; path = "Pods/Target Support Files/Pods-Grammar/Pods-Grammar.debug.xcconfig"; sourceTree = "<group>"; };
		C9FB9E3C2B2692534F733FC1 /* Pods-Grammar.release.xcconfig */ = {isa = PBXFileReference; includeInIndex = 1; lastKnownFileType = text.xcconfig; name = "Pods-Grammar.release.xcconfig"; path = "Pods/Target Support Files/Pods-Grammar/Pods-Grammar.release.xcconfig"; sourceTree = "<group>"; };
		CC02412E1FB2ECCA0094FEFF /* HIRadioButton.swift */ = {isa = PBXFileReference; lastKnownFileType = sourcecode.swift; path = HIRadioButton.swift; sourceTree = "<group>"; };
		CC0241301FB2FCAB0094FEFF /* ResultController.swift */ = {isa = PBXFileReference; lastKnownFileType = sourcecode.swift; path = ResultController.swift; sourceTree = "<group>"; };
		CC0241311FB2FCAB0094FEFF /* ResultController.xib */ = {isa = PBXFileReference; lastKnownFileType = file.xib; path = ResultController.xib; sourceTree = "<group>"; };
		CC03180F1FA711A4002AB87D /* Grammar.app */ = {isa = PBXFileReference; explicitFileType = wrapper.application; includeInIndex = 0; path = Grammar.app; sourceTree = BUILT_PRODUCTS_DIR; };
		CC0318121FA711A4002AB87D /* AppDelegate.swift */ = {isa = PBXFileReference; lastKnownFileType = sourcecode.swift; path = AppDelegate.swift; sourceTree = "<group>"; };
		CC0318141FA711A4002AB87D /* ViewController.swift */ = {isa = PBXFileReference; lastKnownFileType = sourcecode.swift; path = ViewController.swift; sourceTree = "<group>"; };
		CC0318171FA711A4002AB87D /* Base */ = {isa = PBXFileReference; lastKnownFileType = file.storyboard; name = Base; path = Base.lproj/Main.storyboard; sourceTree = "<group>"; };
		CC0318191FA711A4002AB87D /* Assets.xcassets */ = {isa = PBXFileReference; lastKnownFileType = folder.assetcatalog; path = Assets.xcassets; sourceTree = "<group>"; };
		CC03181C1FA711A4002AB87D /* Base */ = {isa = PBXFileReference; lastKnownFileType = file.storyboard; name = Base; path = Base.lproj/LaunchScreen.storyboard; sourceTree = "<group>"; };
		CC03181E1FA711A4002AB87D /* Info.plist */ = {isa = PBXFileReference; lastKnownFileType = text.plist.xml; path = Info.plist; sourceTree = "<group>"; };
		CC0318241FA71221002AB87D /* TitleCell.swift */ = {isa = PBXFileReference; fileEncoding = 4; lastKnownFileType = sourcecode.swift; path = TitleCell.swift; sourceTree = "<group>"; };
		CC0318251FA71221002AB87D /* TitleCell.xib */ = {isa = PBXFileReference; fileEncoding = 4; lastKnownFileType = file.xib; path = TitleCell.xib; sourceTree = "<group>"; };
		CC17F79F1FB15DA9003A679D /* ContentCell.swift */ = {isa = PBXFileReference; lastKnownFileType = sourcecode.swift; path = ContentCell.swift; sourceTree = "<group>"; };
		CC17F7A01FB15DA9003A679D /* ContentCell.xib */ = {isa = PBXFileReference; lastKnownFileType = file.xib; path = ContentCell.xib; sourceTree = "<group>"; };
		CC17F7A71FB16372003A679D /* QuestionCell.swift */ = {isa = PBXFileReference; lastKnownFileType = sourcecode.swift; path = QuestionCell.swift; sourceTree = "<group>"; };
		CC17F7A81FB16372003A679D /* QuestionCell.xib */ = {isa = PBXFileReference; lastKnownFileType = file.xib; path = QuestionCell.xib; sourceTree = "<group>"; };
		CC17F7AB1FB16CCF003A679D /* QuestionsController.swift */ = {isa = PBXFileReference; lastKnownFileType = sourcecode.swift; path = QuestionsController.swift; sourceTree = "<group>"; };
		CC17F7AC1FB16CCF003A679D /* QuestionsController.xib */ = {isa = PBXFileReference; lastKnownFileType = file.xib; path = QuestionsController.xib; sourceTree = "<group>"; };
		CC17F7B21FB17A97003A679D /* Grammar.swift */ = {isa = PBXFileReference; lastKnownFileType = sourcecode.swift; path = Grammar.swift; sourceTree = "<group>"; };
		CC17F7B41FB17BE1003A679D /* Lesson.swift */ = {isa = PBXFileReference; lastKnownFileType = sourcecode.swift; path = Lesson.swift; sourceTree = "<group>"; };
		CC17F7B61FB17CAD003A679D /* Question.swift */ = {isa = PBXFileReference; lastKnownFileType = sourcecode.swift; path = Question.swift; sourceTree = "<group>"; };
		CC17F7B81FB17E69003A679D /* QuestionDAO.swift */ = {isa = PBXFileReference; lastKnownFileType = sourcecode.swift; path = QuestionDAO.swift; sourceTree = "<group>"; };
		CC17F7BA1FB17FF6003A679D /* LessonDAO.swift */ = {isa = PBXFileReference; lastKnownFileType = sourcecode.swift; path = LessonDAO.swift; sourceTree = "<group>"; };
		CC17F7BC1FB196BF003A679D /* DAOFactory.swift */ = {isa = PBXFileReference; lastKnownFileType = sourcecode.swift; path = DAOFactory.swift; sourceTree = "<group>"; };
		CC17F7BE1FB1978E003A679D /* AppModel.swift */ = {isa = PBXFileReference; lastKnownFileType = sourcecode.swift; path = AppModel.swift; sourceTree = "<group>"; };
		CC17F7C01FB19CCA003A679D /* libsqlite3.tbd */ = {isa = PBXFileReference; lastKnownFileType = "sourcecode.text-based-dylib-definition"; name = libsqlite3.tbd; path = usr/lib/libsqlite3.tbd; sourceTree = SDKROOT; };
		CC17F7C21FB1A189003A679D /* gm.sqlite */ = {isa = PBXFileReference; lastKnownFileType = file; path = gm.sqlite; sourceTree = "<group>"; };
		CC17F7C41FB1A5E7003A679D /* GrammarDAO.swift */ = {isa = PBXFileReference; lastKnownFileType = sourcecode.swift; path = GrammarDAO.swift; sourceTree = "<group>"; };
		CC17F7C61FB1ADDA003A679D /* GrammarsController.swift */ = {isa = PBXFileReference; lastKnownFileType = sourcecode.swift; path = GrammarsController.swift; sourceTree = "<group>"; };
		CC17F7C71FB1ADDA003A679D /* GrammarsController.xib */ = {isa = PBXFileReference; lastKnownFileType = file.xib; path = GrammarsController.xib; sourceTree = "<group>"; };
		CCDFB4CC1FB069990031195C /* HomeController.swift */ = {isa = PBXFileReference; lastKnownFileType = sourcecode.swift; path = HomeController.swift; sourceTree = "<group>"; };
		CCDFB4CD1FB069990031195C /* HomeController.xib */ = {isa = PBXFileReference; lastKnownFileType = file.xib; path = HomeController.xib; sourceTree = "<group>"; };
		CCDFB4D11FB072170031195C /* BaseTableViewController.swift */ = {isa = PBXFileReference; lastKnownFileType = sourcecode.swift; path = BaseTableViewController.swift; sourceTree = "<group>"; };
		CCDFB4D21FB072170031195C /* BaseTableViewController.xib */ = {isa = PBXFileReference; lastKnownFileType = file.xib; path = BaseTableViewController.xib; sourceTree = "<group>"; };
		CCDFB4D51FB073120031195C /* ListLessonController.swift */ = {isa = PBXFileReference; lastKnownFileType = sourcecode.swift; path = ListLessonController.swift; sourceTree = "<group>"; };
		CCDFB4D61FB073120031195C /* ListLessonController.xib */ = {isa = PBXFileReference; lastKnownFileType = file.xib; path = ListLessonController.xib; sourceTree = "<group>"; };
		CCDFB4DB1FB14F9B0031195C /* CheckBoxCell.swift */ = {isa = PBXFileReference; lastKnownFileType = sourcecode.swift; path = CheckBoxCell.swift; sourceTree = "<group>"; };
		CCDFB4DC1FB14F9B0031195C /* CheckBoxCell.xib */ = {isa = PBXFileReference; lastKnownFileType = file.xib; path = CheckBoxCell.xib; sourceTree = "<group>"; };
		CCDFB4E11FB152850031195C /* LessonTestController.swift */ = {isa = PBXFileReference; lastKnownFileType = sourcecode.swift; path = LessonTestController.swift; sourceTree = "<group>"; };
		CCDFB4E21FB152850031195C /* LessonTestController.xib */ = {isa = PBXFileReference; lastKnownFileType = file.xib; path = LessonTestController.xib; sourceTree = "<group>"; };
		EB75BB4DB5B30805F18DBED6 /* Pods_Grammar.framework */ = {isa = PBXFileReference; explicitFileType = wrapper.framework; includeInIndex = 0; path = Pods_Grammar.framework; sourceTree = BUILT_PRODUCTS_DIR; };
/* End PBXFileReference section */

/* Begin PBXFrameworksBuildPhase section */
		CC03180C1FA711A4002AB87D /* Frameworks */ = {
			isa = PBXFrameworksBuildPhase;
			buildActionMask = 2147483647;
			files = (
				CC17F7C11FB19CCA003A679D /* libsqlite3.tbd in Frameworks */,
				EA09E55974CFCB951FEABCC5 /* Pods_Grammar.framework in Frameworks */,
			);
			runOnlyForDeploymentPostprocessing = 0;
		};
/* End PBXFrameworksBuildPhase section */

/* Begin PBXGroup section */
		30E198A495EB335174869C86 /* Frameworks */ = {
			isa = PBXGroup;
			children = (
				CC17F7C01FB19CCA003A679D /* libsqlite3.tbd */,
				EB75BB4DB5B30805F18DBED6 /* Pods_Grammar.framework */,
			);
			name = Frameworks;
			sourceTree = "<group>";
		};
		3E43FD6C4B458A874B0B4CCE /* Pods */ = {
			isa = PBXGroup;
			children = (
				A4C868F8EDFA9A740CD8E67F /* Pods-Grammar.debug.xcconfig */,
				C9FB9E3C2B2692534F733FC1 /* Pods-Grammar.release.xcconfig */,
			);
			name = Pods;
			sourceTree = "<group>";
		};
		CC0318061FA711A4002AB87D = {
			isa = PBXGroup;
			children = (
				CC0318111FA711A4002AB87D /* Grammar */,
				CC0318101FA711A4002AB87D /* Products */,
				3E43FD6C4B458A874B0B4CCE /* Pods */,
				30E198A495EB335174869C86 /* Frameworks */,
			);
			sourceTree = "<group>";
		};
		CC0318101FA711A4002AB87D /* Products */ = {
			isa = PBXGroup;
			children = (
				CC03180F1FA711A4002AB87D /* Grammar.app */,
			);
			name = Products;
			sourceTree = "<group>";
		};
		CC0318111FA711A4002AB87D /* Grammar */ = {
			isa = PBXGroup;
			children = (
				CC17F7AF1FB17709003A679D /* DB */,
				CCDFB4D91FB079480031195C /* Helper */,
				CC0318121FA711A4002AB87D /* AppDelegate.swift */,
				CC0318141FA711A4002AB87D /* ViewController.swift */,
				CCDFB4D01FB0699E0031195C /* Home */,
				CC0318241FA71221002AB87D /* TitleCell.swift */,
				CC0318251FA71221002AB87D /* TitleCell.xib */,
				CCDFB4DB1FB14F9B0031195C /* CheckBoxCell.swift */,
				CCDFB4DC1FB14F9B0031195C /* CheckBoxCell.xib */,
				CC17F79F1FB15DA9003A679D /* ContentCell.swift */,
				CC17F7A01FB15DA9003A679D /* ContentCell.xib */,
				CC17F7A71FB16372003A679D /* QuestionCell.swift */,
				CC17F7A81FB16372003A679D /* QuestionCell.xib */,
				CC0318161FA711A4002AB87D /* Main.storyboard */,
				CC0318191FA711A4002AB87D /* Assets.xcassets */,
				CC03181B1FA711A4002AB87D /* LaunchScreen.storyboard */,
				CC03181E1FA711A4002AB87D /* Info.plist */,
			);
			path = Grammar;
			sourceTree = "<group>";
		};
		CC17F7AF1FB17709003A679D /* DB */ = {
			isa = PBXGroup;
			children = (
				CC17F7C21FB1A189003A679D /* gm.sqlite */,
				CC17F7B21FB17A97003A679D /* Grammar.swift */,
				CC17F7B41FB17BE1003A679D /* Lesson.swift */,
				CC17F7B61FB17CAD003A679D /* Question.swift */,
				CC17F7B81FB17E69003A679D /* QuestionDAO.swift */,
				CC17F7BA1FB17FF6003A679D /* LessonDAO.swift */,
				CC17F7C41FB1A5E7003A679D /* GrammarDAO.swift */,
				CC17F7BC1FB196BF003A679D /* DAOFactory.swift */,
				CC17F7BE1FB1978E003A679D /* AppModel.swift */,
			);
			path = DB;
			sourceTree = "<group>";
		};
		CCDFB4D01FB0699E0031195C /* Home */ = {
			isa = PBXGroup;
			children = (
				CCDFB4CD1FB069990031195C /* HomeController.xib */,
				CCDFB4CC1FB069990031195C /* HomeController.swift */,
				CCDFB4D11FB072170031195C /* BaseTableViewController.swift */,
				CCDFB4D21FB072170031195C /* BaseTableViewController.xib */,
				CCDFB4D51FB073120031195C /* ListLessonController.swift */,
				CCDFB4D61FB073120031195C /* ListLessonController.xib */,
				CCDFB4E11FB152850031195C /* LessonTestController.swift */,
				CCDFB4E21FB152850031195C /* LessonTestController.xib */,
				CC17F7AB1FB16CCF003A679D /* QuestionsController.swift */,
				CC17F7AC1FB16CCF003A679D /* QuestionsController.xib */,
				CC17F7C61FB1ADDA003A679D /* GrammarsController.swift */,
				CC17F7C71FB1ADDA003A679D /* GrammarsController.xib */,
				CC0241301FB2FCAB0094FEFF /* ResultController.swift */,
				CC0241311FB2FCAB0094FEFF /* ResultController.xib */,
			);
			path = Home;
			sourceTree = "<group>";
		};
		CCDFB4D91FB079480031195C /* Helper */ = {
			isa = PBXGroup;
			children = (
				CC02412E1FB2ECCA0094FEFF /* HIRadioButton.swift */,
			);
			path = Helper;
			sourceTree = "<group>";
		};
/* End PBXGroup section */

/* Begin PBXNativeTarget section */
		CC03180E1FA711A4002AB87D /* Grammar */ = {
			isa = PBXNativeTarget;
			buildConfigurationList = CC0318211FA711A4002AB87D /* Build configuration list for PBXNativeTarget "Grammar" */;
			buildPhases = (
				03060B58DB731DC259FCF36E /* [CP] Check Pods Manifest.lock */,
				CC03180B1FA711A4002AB87D /* Sources */,
				CC03180C1FA711A4002AB87D /* Frameworks */,
				CC03180D1FA711A4002AB87D /* Resources */,
				9FF5DCD88E9758135ED2A225 /* [CP] Embed Pods Frameworks */,
				4687A793100544F4C437C9D4 /* [CP] Copy Pods Resources */,
			);
			buildRules = (
			);
			dependencies = (
			);
			name = Grammar;
			productName = Grammar;
			productReference = CC03180F1FA711A4002AB87D /* Grammar.app */;
			productType = "com.apple.product-type.application";
		};
/* End PBXNativeTarget section */

/* Begin PBXProject section */
		CC0318071FA711A4002AB87D /* Project object */ = {
			isa = PBXProject;
			attributes = {
				LastSwiftUpdateCheck = 0830;
				LastUpgradeCheck = 0830;
				ORGANIZATIONNAME = tuananh;
				TargetAttributes = {
					CC03180E1FA711A4002AB87D = {
						CreatedOnToolsVersion = 8.3.3;
						DevelopmentTeam = XY29E79Z8X;
						ProvisioningStyle = Automatic;
					};
				};
			};
			buildConfigurationList = CC03180A1FA711A4002AB87D /* Build configuration list for PBXProject "Grammar" */;
			compatibilityVersion = "Xcode 3.2";
			developmentRegion = English;
			hasScannedForEncodings = 0;
			knownRegions = (
				en,
				Base,
			);
			mainGroup = CC0318061FA711A4002AB87D;
			productRefGroup = CC0318101FA711A4002AB87D /* Products */;
			projectDirPath = "";
			projectRoot = "";
			targets = (
				CC03180E1FA711A4002AB87D /* Grammar */,
			);
		};
/* End PBXProject section */

/* Begin PBXResourcesBuildPhase section */
		CC03180D1FA711A4002AB87D /* Resources */ = {
			isa = PBXResourcesBuildPhase;
			buildActionMask = 2147483647;
			files = (
				CCDFB4DE1FB14F9B0031195C /* CheckBoxCell.xib in Resources */,
				CC17F7AA1FB16372003A679D /* QuestionCell.xib in Resources */,
				CC17F7A21FB15DA9003A679D /* ContentCell.xib in Resources */,
				CC17F7AE1FB16CCF003A679D /* QuestionsController.xib in Resources */,
				CCDFB4E41FB152850031195C /* LessonTestController.xib in Resources */,
				CC0318271FA71221002AB87D /* TitleCell.xib in Resources */,
				CC03181D1FA711A4002AB87D /* LaunchScreen.storyboard in Resources */,
				CCDFB4D41FB072170031195C /* BaseTableViewController.xib in Resources */,
				CC17F7C91FB1ADDA003A679D /* GrammarsController.xib in Resources */,
				CC03181A1FA711A4002AB87D /* Assets.xcassets in Resources */,
				CCDFB4CF1FB069990031195C /* HomeController.xib in Resources */,
				CC0241331FB2FCAB0094FEFF /* ResultController.xib in Resources */,
				CC0318181FA711A4002AB87D /* Main.storyboard in Resources */,
				CCDFB4D81FB073120031195C /* ListLessonController.xib in Resources */,
				CC17F7C31FB1A189003A679D /* gm.sqlite in Resources */,
			);
			runOnlyForDeploymentPostprocessing = 0;
		};
/* End PBXResourcesBuildPhase section */

/* Begin PBXShellScriptBuildPhase section */
		03060B58DB731DC259FCF36E /* [CP] Check Pods Manifest.lock */ = {
			isa = PBXShellScriptBuildPhase;
			buildActionMask = 2147483647;
			files = (
			);
			inputPaths = (
			);
			name = "[CP] Check Pods Manifest.lock";
			outputPaths = (
			);
			runOnlyForDeploymentPostprocessing = 0;
			shellPath = /bin/sh;
			shellScript = "diff \"${PODS_PODFILE_DIR_PATH}/Podfile.lock\" \"${PODS_ROOT}/Manifest.lock\" > /dev/null\nif [ $? != 0 ] ; then\n    # print error to STDERR\n    echo \"error: The sandbox is not in sync with the Podfile.lock. Run 'pod install' or update your CocoaPods installation.\" >&2\n    exit 1\nfi\n";
			showEnvVarsInLog = 0;
		};
		4687A793100544F4C437C9D4 /* [CP] Copy Pods Resources */ = {
			isa = PBXShellScriptBuildPhase;
			buildActionMask = 2147483647;
			files = (
			);
			inputPaths = (
			);
			name = "[CP] Copy Pods Resources";
			outputPaths = (
			);
			runOnlyForDeploymentPostprocessing = 0;
			shellPath = /bin/sh;
			shellScript = "\"${SRCROOT}/Pods/Target Support Files/Pods-Grammar/Pods-Grammar-resources.sh\"\n";
			showEnvVarsInLog = 0;
		};
		9FF5DCD88E9758135ED2A225 /* [CP] Embed Pods Frameworks */ = {
			isa = PBXShellScriptBuildPhase;
			buildActionMask = 2147483647;
			files = (
			);
			inputPaths = (
			);
			name = "[CP] Embed Pods Frameworks";
			outputPaths = (
			);
			runOnlyForDeploymentPostprocessing = 0;
			shellPath = /bin/sh;
			shellScript = "\"${SRCROOT}/Pods/Target Support Files/Pods-Grammar/Pods-Grammar-frameworks.sh\"\n";
			showEnvVarsInLog = 0;
		};
/* End PBXShellScriptBuildPhase section */

/* Begin PBXSourcesBuildPhase section */
		CC03180B1FA711A4002AB87D /* Sources */ = {
			isa = PBXSourcesBuildPhase;
			buildActionMask = 2147483647;
			files = (
				CC17F7B71FB17CAD003A679D /* Question.swift in Sources */,
				CC02412F1FB2ECCA0094FEFF /* HIRadioButton.swift in Sources */,
				CCDFB4DD1FB14F9B0031195C /* CheckBoxCell.swift in Sources */,
				CCDFB4CE1FB069990031195C /* HomeController.swift in Sources */,
				CC0241321FB2FCAB0094FEFF /* ResultController.swift in Sources */,
				CC0318261FA71221002AB87D /* TitleCell.swift in Sources */,
				CC17F7A11FB15DA9003A679D /* ContentCell.swift in Sources */,
				CC17F7BB1FB17FF6003A679D /* LessonDAO.swift in Sources */,
				CCDFB4E31FB152850031195C /* LessonTestController.swift in Sources */,
				CC17F7B51FB17BE1003A679D /* Lesson.swift in Sources */,
				CCDFB4D31FB072170031195C /* BaseTableViewController.swift in Sources */,
				CC17F7B91FB17E69003A679D /* QuestionDAO.swift in Sources */,
				CCDFB4D71FB073120031195C /* ListLessonController.swift in Sources */,
				CC17F7BF1FB1978E003A679D /* AppModel.swift in Sources */,
				CC17F7AD1FB16CCF003A679D /* QuestionsController.swift in Sources */,
				CC17F7B31FB17A97003A679D /* Grammar.swift in Sources */,
				CC17F7C51FB1A5E7003A679D /* GrammarDAO.swift in Sources */,
				CC17F7BD1FB196BF003A679D /* DAOFactory.swift in Sources */,
				CC17F7A91FB16372003A679D /* QuestionCell.swift in Sources */,
				CC17F7C81FB1ADDA003A679D /* GrammarsController.swift in Sources */,
				CC0318151FA711A4002AB87D /* ViewController.swift in Sources */,
				CC0318131FA711A4002AB87D /* AppDelegate.swift in Sources */,
			);
			runOnlyForDeploymentPostprocessing = 0;
		};
/* End PBXSourcesBuildPhase section */

/* Begin PBXVariantGroup section */
		CC0318161FA711A4002AB87D /* Main.storyboard */ = {
			isa = PBXVariantGroup;
			children = (
				CC0318171FA711A4002AB87D /* Base */,
			);
			name = Main.storyboard;
			sourceTree = "<group>";
		};
		CC03181B1FA711A4002AB87D /* LaunchScreen.storyboard */ = {
			isa = PBXVariantGroup;
			children = (
				CC03181C1FA711A4002AB87D /* Base */,
			);
			name = LaunchScreen.storyboard;
			sourceTree = "<group>";
		};
/* End PBXVariantGroup section */

/* Begin XCBuildConfiguration section */
		CC03181F1FA711A4002AB87D /* Debug */ = {
			isa = XCBuildConfiguration;
			buildSettings = {
				ALWAYS_SEARCH_USER_PATHS = NO;
				CLANG_ANALYZER_NONNULL = YES;
				CLANG_ANALYZER_NUMBER_OBJECT_CONVERSION = YES_AGGRESSIVE;
				CLANG_CXX_LANGUAGE_STANDARD = "gnu++0x";
				CLANG_CXX_LIBRARY = "libc++";
				CLANG_ENABLE_MODULES = YES;
				CLANG_ENABLE_OBJC_ARC = YES;
				CLANG_WARN_BOOL_CONVERSION = YES;
				CLANG_WARN_CONSTANT_CONVERSION = YES;
				CLANG_WARN_DIRECT_OBJC_ISA_USAGE = YES_ERROR;
				CLANG_WARN_DOCUMENTATION_COMMENTS = YES;
				CLANG_WARN_EMPTY_BODY = YES;
				CLANG_WARN_ENUM_CONVERSION = YES;
				CLANG_WARN_INFINITE_RECURSION = YES;
				CLANG_WARN_INT_CONVERSION = YES;
				CLANG_WARN_OBJC_ROOT_CLASS = YES_ERROR;
				CLANG_WARN_SUSPICIOUS_MOVE = YES;
				CLANG_WARN_UNREACHABLE_CODE = YES;
				CLANG_WARN__DUPLICATE_METHOD_MATCH = YES;
				"CODE_SIGN_IDENTITY[sdk=iphoneos*]" = "iPhone Developer";
				COPY_PHASE_STRIP = NO;
				DEBUG_INFORMATION_FORMAT = dwarf;
				ENABLE_STRICT_OBJC_MSGSEND = YES;
				ENABLE_TESTABILITY = YES;
				GCC_C_LANGUAGE_STANDARD = gnu99;
				GCC_DYNAMIC_NO_PIC = NO;
				GCC_NO_COMMON_BLOCKS = YES;
				GCC_OPTIMIZATION_LEVEL = 0;
				GCC_PREPROCESSOR_DEFINITIONS = (
					"DEBUG=1",
					"$(inherited)",
				);
				GCC_WARN_64_TO_32_BIT_CONVERSION = YES;
				GCC_WARN_ABOUT_RETURN_TYPE = YES_ERROR;
				GCC_WARN_UNDECLARED_SELECTOR = YES;
				GCC_WARN_UNINITIALIZED_AUTOS = YES_AGGRESSIVE;
				GCC_WARN_UNUSED_FUNCTION = YES;
				GCC_WARN_UNUSED_VARIABLE = YES;
				IPHONEOS_DEPLOYMENT_TARGET = 10.3;
				MTL_ENABLE_DEBUG_INFO = YES;
				ONLY_ACTIVE_ARCH = YES;
				SDKROOT = iphoneos;
				SWIFT_ACTIVE_COMPILATION_CONDITIONS = DEBUG;
				SWIFT_OPTIMIZATION_LEVEL = "-Onone";
				TARGETED_DEVICE_FAMILY = "1,2";
			};
			name = Debug;
		};
		CC0318201FA711A4002AB87D /* Release */ = {
			isa = XCBuildConfiguration;
			buildSettings = {
				ALWAYS_SEARCH_USER_PATHS = NO;
				CLANG_ANALYZER_NONNULL = YES;
				CLANG_ANALYZER_NUMBER_OBJECT_CONVERSION = YES_AGGRESSIVE;
				CLANG_CXX_LANGUAGE_STANDARD = "gnu++0x";
				CLANG_CXX_LIBRARY = "libc++";
				CLANG_ENABLE_MODULES = YES;
				CLANG_ENABLE_OBJC_ARC = YES;
				CLANG_WARN_BOOL_CONVERSION = YES;
				CLANG_WARN_CONSTANT_CONVERSION = YES;
				CLANG_WARN_DIRECT_OBJC_ISA_USAGE = YES_ERROR;
				CLANG_WARN_DOCUMENTATION_COMMENTS = YES;
				CLANG_WARN_EMPTY_BODY = YES;
				CLANG_WARN_ENUM_CONVERSION = YES;
				CLANG_WARN_INFINITE_RECURSION = YES;
				CLANG_WARN_INT_CONVERSION = YES;
				CLANG_WARN_OBJC_ROOT_CLASS = YES_ERROR;
				CLANG_WARN_SUSPICIOUS_MOVE = YES;
				CLANG_WARN_UNREACHABLE_CODE = YES;
				CLANG_WARN__DUPLICATE_METHOD_MATCH = YES;
				"CODE_SIGN_IDENTITY[sdk=iphoneos*]" = "iPhone Developer";
				COPY_PHASE_STRIP = NO;
				DEBUG_INFORMATION_FORMAT = "dwarf-with-dsym";
				ENABLE_NS_ASSERTIONS = NO;
				ENABLE_STRICT_OBJC_MSGSEND = YES;
				GCC_C_LANGUAGE_STANDARD = gnu99;
				GCC_NO_COMMON_BLOCKS = YES;
				GCC_WARN_64_TO_32_BIT_CONVERSION = YES;
				GCC_WARN_ABOUT_RETURN_TYPE = YES_ERROR;
				GCC_WARN_UNDECLARED_SELECTOR = YES;
				GCC_WARN_UNINITIALIZED_AUTOS = YES_AGGRESSIVE;
				GCC_WARN_UNUSED_FUNCTION = YES;
				GCC_WARN_UNUSED_VARIABLE = YES;
				IPHONEOS_DEPLOYMENT_TARGET = 10.3;
				MTL_ENABLE_DEBUG_INFO = NO;
				SDKROOT = iphoneos;
				SWIFT_OPTIMIZATION_LEVEL = "-Owholemodule";
				TARGETED_DEVICE_FAMILY = "1,2";
				VALIDATE_PRODUCT = YES;
			};
			name = Release;
		};
		CC0318221FA711A4002AB87D /* Debug */ = {
			isa = XCBuildConfiguration;
			baseConfigurationReference = A4C868F8EDFA9A740CD8E67F /* Pods-Grammar.debug.xcconfig */;
			buildSettings = {
				ASSETCATALOG_COMPILER_APPICON_NAME = AppIcon;
				DEVELOPMENT_TEAM = XY29E79Z8X;
				INFOPLIST_FILE = Grammar/Info.plist;
				LD_RUNPATH_SEARCH_PATHS = "$(inherited) @executable_path/Frameworks";
				PRODUCT_BUNDLE_IDENTIFIER = club.iosdevelopers.Grammar;
				PRODUCT_NAME = "$(TARGET_NAME)";
				SWIFT_VERSION = 3.0;
			};
			name = Debug;
		};
		CC0318231FA711A4002AB87D /* Release */ = {
			isa = XCBuildConfiguration;
			baseConfigurationReference = C9FB9E3C2B2692534F733FC1 /* Pods-Grammar.release.xcconfig */;
			buildSettings = {
				ASSETCATALOG_COMPILER_APPICON_NAME = AppIcon;
				DEVELOPMENT_TEAM = XY29E79Z8X;
				INFOPLIST_FILE = Grammar/Info.plist;
				LD_RUNPATH_SEARCH_PATHS = "$(inherited) @executable_path/Frameworks";
				PRODUCT_BUNDLE_IDENTIFIER = club.iosdevelopers.Grammar;
				PRODUCT_NAME = "$(TARGET_NAME)";
				SWIFT_VERSION = 3.0;
			};
			name = Release;
		};
/* End XCBuildConfiguration section */

/* Begin XCConfigurationList section */
		CC03180A1FA711A4002AB87D /* Build configuration list for PBXProject "Grammar" */ = {
			isa = XCConfigurationList;
			buildConfigurations = (
				CC03181F1FA711A4002AB87D /* Debug */,
				CC0318201FA711A4002AB87D /* Release */,
			);
			defaultConfigurationIsVisible = 0;
			defaultConfigurationName = Release;
		};
		CC0318211FA711A4002AB87D /* Build configuration list for PBXNativeTarget "Grammar" */ = {
			isa = XCConfigurationList;
			buildConfigurations = (
				CC0318221FA711A4002AB87D /* Debug */,
				CC0318231FA711A4002AB87D /* Release */,
			);
			defaultConfigurationIsVisible = 0;
			defaultConfigurationName = Release;
		};
/* End XCConfigurationList section */
	};
	rootObject = CC0318071FA711A4002AB87D /* Project object */;
}
